Microsoft Visual Studio Solution File, Format Version 12.00
# Visual Studio Version 17
VisualStudioVersion = 17.5.2.0
MinimumVisualStudioVersion = 10.0.40219.1
Project("{FAE04EC0-301F-11D3-BF4B-00C04F79EFBC}") = "TeknoParrotUi", "TeknoParrotUi.csproj", "{A1D936B0-233C-C2F0-A6EC-D12EDB055DEF}"
EndProject
Global
	GlobalSection(SolutionConfigurationPlatforms) = preSolution
		Debug|Any CPU = Debug|Any CPU
		Release|Any CPU = Release|Any CPU
	EndGlobalSection
	GlobalSection(ProjectConfigurationPlatforms) = postSolution
		{A1D936B0-233C-C2F0-A6EC-D12EDB055DEF}.Debug|Any CPU.ActiveCfg = Debug|Any CPU
		{A1D936B0-233C-C2F0-A6EC-D12EDB055DEF}.Debug|Any CPU.Build.0 = Debug|Any CPU
		{A1D936B0-233C-C2F0-A6EC-D12EDB055DEF}.Release|Any CPU.ActiveCfg = Release|Any CPU
		{A1D936B0-233C-C2F0-A6EC-D12EDB055DEF}.Release|Any CPU.Build.0 = Release|Any CPU
	EndGlobalSection
	GlobalSection(SolutionProperties) = preSolution
		HideSolutionNode = FALSE
	EndGlobalSection
	GlobalSection(ExtensibilityGlobals) = postSolution
		SolutionGuid = {BCE280E9-AFC2-4187-B525-335A06792A18}
	EndGlobalSection
EndGlobal
