
Microsoft Visual Studio Solution File, Format Version 12.00
# Visual Studio 15
VisualStudioVersion = 15.0.28307.136
MinimumVisualStudioVersion = 10.0.40219.1
Project("{FAE04EC0-301F-11D3-BF4B-00C04F79EFBC}") = "WpfApp1", "WpfApp1.csproj", "{94583A35-58F0-4543-9C2A-824DA8091B0B}"
EndProject
Project("{FAE04EC0-301F-11D3-BF4B-00C04F79EFBC}") = "TeknoParrotUi.Common", "..\TeknoParrotUi.Common\TeknoParrotUi.Common.csproj", "{F5AF240B-A800-45BE-BE25-FAB09A26F8D6}"
EndProject
Global
	GlobalSection(SolutionConfigurationPlatforms) = preSolution
		Debug|Any CPU = Debug|Any CPU
		Release|Any CPU = Release|Any CPU
	EndGlobalSection
	GlobalSection(ProjectConfigurationPlatforms) = postSolution
		{94583A35-58F0-4543-9C2A-824DA8091B0B}.Debug|Any CPU.ActiveCfg = Debug|Any CPU
		{94583A35-58F0-4543-9C2A-824DA8091B0B}.Debug|Any CPU.Build.0 = Debug|Any CPU
		{94583A35-58F0-4543-9C2A-824DA8091B0B}.Release|Any CPU.ActiveCfg = Release|Any CPU
		{94583A35-58F0-4543-9C2A-824DA8091B0B}.Release|Any CPU.Build.0 = Release|Any CPU
		{F5AF240B-A800-45BE-BE25-FAB09A26F8D6}.Debug|Any CPU.ActiveCfg = Debug|Any CPU
		{F5AF240B-A800-45BE-BE25-FAB09A26F8D6}.Debug|Any CPU.Build.0 = Debug|Any CPU
		{F5AF240B-A800-45BE-BE25-FAB09A26F8D6}.Release|Any CPU.ActiveCfg = Release|Any CPU
		{F5AF240B-A800-45BE-BE25-FAB09A26F8D6}.Release|Any CPU.Build.0 = Release|Any CPU
	EndGlobalSection
	GlobalSection(SolutionProperties) = preSolution
		HideSolutionNode = FALSE
	EndGlobalSection
	GlobalSection(ExtensibilityGlobals) = postSolution
		SolutionGuid = {77739B68-2483-4D3F-9CC5-E316DD7DF244}
	EndGlobalSection
EndGlobal
